
Microsoft Visual Studio Solution File, Format Version 12.00
# Visual Studio 15
VisualStudioVersion = 15.0.27004.2005
MinimumVisualStudioVersion = 10.0.40219.1
Project("{9A19103F-16F7-4668-BE54-9A1E7A4F7556}") = "AspNetCore.ClaimsValueProvider", "AspNetCore.ClaimsValueProvider.csproj", "{CAF37D40-0458-4CD3-8CC1-C9CC7EB4BADA}"
EndProject
Global
	GlobalSection(SolutionConfigurationPlatforms) = preSolution
		Debug|Any CPU = Debug|Any CPU
		Release|Any CPU = Release|Any CPU
	EndGlobalSection
	GlobalSection(ProjectConfigurationPlatforms) = postSolution
		{CAF37D40-0458-4CD3-8CC1-C9CC7EB4BADA}.Debug|Any CPU.ActiveCfg = Debug|Any CPU
		{CAF37D40-0458-4CD3-8CC1-C9CC7EB4BADA}.Debug|Any CPU.Build.0 = Debug|Any CPU
		{CAF37D40-0458-4CD3-8CC1-C9CC7EB4BADA}.Release|Any CPU.ActiveCfg = Release|Any CPU
		{CAF37D40-0458-4CD3-8CC1-C9CC7EB4BADA}.Release|Any CPU.Build.0 = Release|Any CPU
	EndGlobalSection
	GlobalSection(SolutionProperties) = preSolution
		HideSolutionNode = FALSE
	EndGlobalSection
	GlobalSection(ExtensibilityGlobals) = postSolution
		SolutionGuid = {12356902-20FD-4A3E-BBCC-DD2F9FF10D82}
	EndGlobalSection
EndGlobal
